// !$*UTF8*$!
{
	archiveVersion = 1;
	classes = {
	};
	objectVersion = 50;
	objects = {

/* Begin PBXBuildFile section */
		3646B64A21627B2300C3DD0F /* AppDelegate.swift in Sources */ = {isa = PBXBuildFile; fileRef = 3646B64921627B2300C3DD0F /* AppDelegate.swift */; };
		3646B64C21627B2300C3DD0F /* MainTabbarController.swift in Sources */ = {isa = PBXBuildFile; fileRef = 3646B64B21627B2300C3DD0F /* MainTabbarController.swift */; };
		3646B64F21627B2300C3DD0F /* Main.storyboard in Resources */ = {isa = PBXBuildFile; fileRef = 3646B64D21627B2300C3DD0F /* Main.storyboard */; };
		3646B65221627B2300C3DD0F /* testfilms.xcdatamodeld in Sources */ = {isa = PBXBuildFile; fileRef = 3646B65021627B2300C3DD0F /* testfilms.xcdatamodeld */; };
		3646B65421627B2400C3DD0F /* Assets.xcassets in Resources */ = {isa = PBXBuildFile; fileRef = 3646B65321627B2400C3DD0F /* Assets.xcassets */; };
		3646B65721627B2400C3DD0F /* LaunchScreen.storyboard in Resources */ = {isa = PBXBuildFile; fileRef = 3646B65521627B2400C3DD0F /* LaunchScreen.storyboard */; };
		3646B65F21627F3800C3DD0F /* TVVC.swift in Sources */ = {isa = PBXBuildFile; fileRef = 3646B65E21627F3800C3DD0F /* TVVC.swift */; };
		3646B66121627F5200C3DD0F /* VideoVC.swift in Sources */ = {isa = PBXBuildFile; fileRef = 3646B66021627F5200C3DD0F /* VideoVC.swift */; };
		3646B66321627F6A00C3DD0F /* SubscribeVC.swift in Sources */ = {isa = PBXBuildFile; fileRef = 3646B66221627F6A00C3DD0F /* SubscribeVC.swift */; };
		3646B66521627F8000C3DD0F /* SettingsVC.swift in Sources */ = {isa = PBXBuildFile; fileRef = 3646B66421627F8000C3DD0F /* SettingsVC.swift */; };
		3646B66721632B9D00C3DD0F /* CategoryRow.swift in Sources */ = {isa = PBXBuildFile; fileRef = 3646B66621632B9D00C3DD0F /* CategoryRow.swift */; };
		3646B66921634F7900C3DD0F /* CoverCVCell.swift in Sources */ = {isa = PBXBuildFile; fileRef = 3646B66821634F7900C3DD0F /* CoverCVCell.swift */; };
/* End PBXBuildFile section */

/* Begin PBXFileReference section */
		3646B64621627B2300C3DD0F /* testfilms.app */ = {isa = PBXFileReference; explicitFileType = wrapper.application; includeInIndex = 0; path = testfilms.app; sourceTree = BUILT_PRODUCTS_DIR; };
		3646B64921627B2300C3DD0F /* AppDelegate.swift */ = {isa = PBXFileReference; lastKnownFileType = sourcecode.swift; path = AppDelegate.swift; sourceTree = "<group>"; };
		3646B64B21627B2300C3DD0F /* MainTabbarController.swift */ = {isa = PBXFileReference; lastKnownFileType = sourcecode.swift; path = MainTabbarController.swift; sourceTree = "<group>"; };
		3646B64E21627B2300C3DD0F /* Base */ = {isa = PBXFileReference; lastKnownFileType = file.storyboard; name = Base; path = Base.lproj/Main.storyboard; sourceTree = "<group>"; };
		3646B65121627B2300C3DD0F /* testfilms.xcdatamodel */ = {isa = PBXFileReference; lastKnownFileType = wrapper.xcdatamodel; path = testfilms.xcdatamodel; sourceTree = "<group>"; };
		3646B65321627B2400C3DD0F /* Assets.xcassets */ = {isa = PBXFileReference; lastKnownFileType = folder.assetcatalog; path = Assets.xcassets; sourceTree = "<group>"; };
		3646B65621627B2400C3DD0F /* Base */ = {isa = PBXFileReference; lastKnownFileType = file.storyboard; name = Base; path = Base.lproj/LaunchScreen.storyboard; sourceTree = "<group>"; };
		3646B65821627B2400C3DD0F /* Info.plist */ = {isa = PBXFileReference; lastKnownFileType = text.plist.xml; path = Info.plist; sourceTree = "<group>"; };
		3646B65E21627F3800C3DD0F /* TVVC.swift */ = {isa = PBXFileReference; lastKnownFileType = sourcecode.swift; path = TVVC.swift; sourceTree = "<group>"; };
		3646B66021627F5200C3DD0F /* VideoVC.swift */ = {isa = PBXFileReference; lastKnownFileType = sourcecode.swift; path = VideoVC.swift; sourceTree = "<group>"; };
		3646B66221627F6A00C3DD0F /* SubscribeVC.swift */ = {isa = PBXFileReference; lastKnownFileType = sourcecode.swift; path = SubscribeVC.swift; sourceTree = "<group>"; };
		3646B66421627F8000C3DD0F /* SettingsVC.swift */ = {isa = PBXFileReference; lastKnownFileType = sourcecode.swift; path = SettingsVC.swift; sourceTree = "<group>"; };
		3646B66621632B9D00C3DD0F /* CategoryRow.swift */ = {isa = PBXFileReference; lastKnownFileType = sourcecode.swift; path = CategoryRow.swift; sourceTree = "<group>"; };
		3646B66821634F7900C3DD0F /* CoverCVCell.swift */ = {isa = PBXFileReference; lastKnownFileType = sourcecode.swift; path = CoverCVCell.swift; sourceTree = "<group>"; };
/* End PBXFileReference section */

/* Begin PBXFrameworksBuildPhase section */
		3646B64321627B2300C3DD0F /* Frameworks */ = {
			isa = PBXFrameworksBuildPhase;
			buildActionMask = 2147483647;
			files = (
			);
			runOnlyForDeploymentPostprocessing = 0;
		};
/* End PBXFrameworksBuildPhase section */

/* Begin PBXGroup section */
		3646B63D21627B2300C3DD0F = {
			isa = PBXGroup;
			children = (
				3646B64821627B2300C3DD0F /* testfilms */,
				3646B64721627B2300C3DD0F /* Products */,
			);
			sourceTree = "<group>";
		};
		3646B64721627B2300C3DD0F /* Products */ = {
			isa = PBXGroup;
			children = (
				3646B64621627B2300C3DD0F /* testfilms.app */,
			);
			name = Products;
			sourceTree = "<group>";
		};
		3646B64821627B2300C3DD0F /* testfilms */ = {
			isa = PBXGroup;
			children = (
				3646B64921627B2300C3DD0F /* AppDelegate.swift */,
				3646B64B21627B2300C3DD0F /* MainTabbarController.swift */,
				3646B66621632B9D00C3DD0F /* CategoryRow.swift */,
				3646B66821634F7900C3DD0F /* CoverCVCell.swift */,
				3646B64D21627B2300C3DD0F /* Main.storyboard */,
				3646B65321627B2400C3DD0F /* Assets.xcassets */,
				3646B65521627B2400C3DD0F /* LaunchScreen.storyboard */,
				3646B65821627B2400C3DD0F /* Info.plist */,
				3646B65021627B2300C3DD0F /* testfilms.xcdatamodeld */,
				3646B65E21627F3800C3DD0F /* TVVC.swift */,
				3646B66021627F5200C3DD0F /* VideoVC.swift */,
				3646B66221627F6A00C3DD0F /* SubscribeVC.swift */,
				3646B66421627F8000C3DD0F /* SettingsVC.swift */,
			);
			path = testfilms;
			sourceTree = "<group>";
		};
/* End PBXGroup section */

/* Begin PBXNativeTarget section */
		3646B64521627B2300C3DD0F /* testfilms */ = {
			isa = PBXNativeTarget;
			buildConfigurationList = 3646B65B21627B2400C3DD0F /* Build configuration list for PBXNativeTarget "testfilms" */;
			buildPhases = (
				3646B64221627B2300C3DD0F /* Sources */,
				3646B64321627B2300C3DD0F /* Frameworks */,
				3646B64421627B2300C3DD0F /* Resources */,
			);
			buildRules = (
			);
			dependencies = (
			);
			name = testfilms;
			productName = testfilms;
			productReference = 3646B64621627B2300C3DD0F /* testfilms.app */;
			productType = "com.apple.product-type.application";
		};
/* End PBXNativeTarget section */

/* Begin PBXProject section */
		3646B63E21627B2300C3DD0F /* Project object */ = {
			isa = PBXProject;
			attributes = {
				LastSwiftUpdateCheck = 1000;
				LastUpgradeCheck = 1000;
				ORGANIZATIONNAME = "Sergio Veliz";
				TargetAttributes = {
					3646B64521627B2300C3DD0F = {
						CreatedOnToolsVersion = 10.0;
					};
				};
			};
			buildConfigurationList = 3646B64121627B2300C3DD0F /* Build configuration list for PBXProject "testfilms" */;
			compatibilityVersion = "Xcode 9.3";
			developmentRegion = en;
			hasScannedForEncodings = 0;
			knownRegions = (
				en,
				Base,
			);
			mainGroup = 3646B63D21627B2300C3DD0F;
			productRefGroup = 3646B64721627B2300C3DD0F /* Products */;
			projectDirPath = "";
			projectRoot = "";
			targets = (
				3646B64521627B2300C3DD0F /* testfilms */,
			);
		};
/* End PBXProject section */

/* Begin PBXResourcesBuildPhase section */
		3646B64421627B2300C3DD0F /* Resources */ = {
			isa = PBXResourcesBuildPhase;
			buildActionMask = 2147483647;
			files = (
				3646B65721627B2400C3DD0F /* LaunchScreen.storyboard in Resources */,
				3646B65421627B2400C3DD0F /* Assets.xcassets in Resources */,
				3646B64F21627B2300C3DD0F /* Main.storyboard in Resources */,
			);
			runOnlyForDeploymentPostprocessing = 0;
		};
/* End PBXResourcesBuildPhase section */

/* Begin PBXSourcesBuildPhase section */
		3646B64221627B2300C3DD0F /* Sources */ = {
			isa = PBXSourcesBuildPhase;
			buildActionMask = 2147483647;
			files = (
				3646B66921634F7900C3DD0F /* CoverCVCell.swift in Sources */,
				3646B66121627F5200C3DD0F /* VideoVC.swift in Sources */,
				3646B65F21627F3800C3DD0F /* TVVC.swift in Sources */,
				3646B64C21627B2300C3DD0F /* MainTabbarController.swift in Sources */,
				3646B65221627B2300C3DD0F /* testfilms.xcdatamodeld in Sources */,
				3646B64A21627B2300C3DD0F /* AppDelegate.swift in Sources */,
				3646B66721632B9D00C3DD0F /* CategoryRow.swift in Sources */,
				3646B66321627F6A00C3DD0F /* SubscribeVC.swift in Sources */,
				3646B66521627F8000C3DD0F /* SettingsVC.swift in Sources */,
			);
			runOnlyForDeploymentPostprocessing = 0;
		};
/* End PBXSourcesBuildPhase section */

/* Begin PBXVariantGroup section */
		3646B64D21627B2300C3DD0F /* Main.storyboard */ = {
			isa = PBXVariantGroup;
			children = (
				3646B64E21627B2300C3DD0F /* Base */,
			);
			name = Main.storyboard;
			sourceTree = "<group>";
		};
		3646B65521627B2400C3DD0F /* LaunchScreen.storyboard */ = {
			isa = PBXVariantGroup;
			children = (
				3646B65621627B2400C3DD0F /* Base */,
			);
			name = LaunchScreen.storyboard;
			sourceTree = "<group>";
		};
/* End PBXVariantGroup section */

/* Begin XCBuildConfiguration section */
		3646B65921627B2400C3DD0F /* Debug */ = {
			isa = XCBuildConfiguration;
			buildSettings = {
				ALWAYS_SEARCH_USER_PATHS = NO;
				CLANG_ANALYZER_NONNULL = YES;
				CLANG_ANALYZER_NUMBER_OBJECT_CONVERSION = YES_AGGRESSIVE;
				CLANG_CXX_LANGUAGE_STANDARD = "gnu++14";
				CLANG_CXX_LIBRARY = "libc++";
				CLANG_ENABLE_MODULES = YES;
				CLANG_ENABLE_OBJC_ARC = YES;
				CLANG_ENABLE_OBJC_WEAK = YES;
				CLANG_WARN_BLOCK_CAPTURE_AUTORELEASING = YES;
				CLANG_WARN_BOOL_CONVERSION = YES;
				CLANG_WARN_COMMA = YES;
				CLANG_WARN_CONSTANT_CONVERSION = YES;
				CLANG_WARN_DEPRECATED_OBJC_IMPLEMENTATIONS = YES;
				CLANG_WARN_DIRECT_OBJC_ISA_USAGE = YES_ERROR;
				CLANG_WARN_DOCUMENTATION_COMMENTS = YES;
				CLANG_WARN_EMPTY_BODY = YES;
				CLANG_WARN_ENUM_CONVERSION = YES;
				CLANG_WARN_INFINITE_RECURSION = YES;
				CLANG_WARN_INT_CONVERSION = YES;
				CLANG_WARN_NON_LITERAL_NULL_CONVERSION = YES;
				CLANG_WARN_OBJC_IMPLICIT_RETAIN_SELF = YES;
				CLANG_WARN_OBJC_LITERAL_CONVERSION = YES;
				CLANG_WARN_OBJC_ROOT_CLASS = YES_ERROR;
				CLANG_WARN_RANGE_LOOP_ANALYSIS = YES;
				CLANG_WARN_STRICT_PROTOTYPES = YES;
				CLANG_WARN_SUSPICIOUS_MOVE = YES;
				CLANG_WARN_UNGUARDED_AVAILABILITY = YES_AGGRESSIVE;
				CLANG_WARN_UNREACHABLE_CODE = YES;
				CLANG_WARN__DUPLICATE_METHOD_MATCH = YES;
				CODE_SIGN_IDENTITY = "iPhone Developer";
				COPY_PHASE_STRIP = NO;
				DEBUG_INFORMATION_FORMAT = dwarf;
				ENABLE_STRICT_OBJC_MSGSEND = YES;
				ENABLE_TESTABILITY = YES;
				GCC_C_LANGUAGE_STANDARD = gnu11;
				GCC_DYNAMIC_NO_PIC = NO;
				GCC_NO_COMMON_BLOCKS = YES;
				GCC_OPTIMIZATION_LEVEL = 0;
				GCC_PREPROCESSOR_DEFINITIONS = (
					"DEBUG=1",
					"$(inherited)",
				);
				GCC_WARN_64_TO_32_BIT_CONVERSION = YES;
				GCC_WARN_ABOUT_RETURN_TYPE = YES_ERROR;
				GCC_WARN_UNDECLARED_SELECTOR = YES;
				GCC_WARN_UNINITIALIZED_AUTOS = YES_AGGRESSIVE;
				GCC_WARN_UNUSED_FUNCTION = YES;
				GCC_WARN_UNUSED_VARIABLE = YES;
				IPHONEOS_DEPLOYMENT_TARGET = 12.0;
				MTL_ENABLE_DEBUG_INFO = INCLUDE_SOURCE;
				MTL_FAST_MATH = YES;
				ONLY_ACTIVE_ARCH = YES;
				SDKROOT = iphoneos;
				SWIFT_ACTIVE_COMPILATION_CONDITIONS = DEBUG;
				SWIFT_OPTIMIZATION_LEVEL = "-Onone";
			};
			name = Debug;
		};
		3646B65A21627B2400C3DD0F /* Release */ = {
			isa = XCBuildConfiguration;
			buildSettings = {
				ALWAYS_SEARCH_USER_PATHS = NO;
				CLANG_ANALYZER_NONNULL = YES;
				CLANG_ANALYZER_NUMBER_OBJECT_CONVERSION = YES_AGGRESSIVE;
				CLANG_CXX_LANGUAGE_STANDARD = "gnu++14";
				CLANG_CXX_LIBRARY = "libc++";
				CLANG_ENABLE_MODULES = YES;
				CLANG_ENABLE_OBJC_ARC = YES;
				CLANG_ENABLE_OBJC_WEAK = YES;
				CLANG_WARN_BLOCK_CAPTURE_AUTORELEASING = YES;
				CLANG_WARN_BOOL_CONVERSION = YES;
				CLANG_WARN_COMMA = YES;
				CLANG_WARN_CONSTANT_CONVERSION = YES;
				CLANG_WARN_DEPRECATED_OBJC_IMPLEMENTATIONS = YES;
				CLANG_WARN_DIRECT_OBJC_ISA_USAGE = YES_ERROR;
				CLANG_WARN_DOCUMENTATION_COMMENTS = YES;
				CLANG_WARN_EMPTY_BODY = YES;
				CLANG_WARN_ENUM_CONVERSION = YES;
				CLANG_WARN_INFINITE_RECURSION = YES;
				CLANG_WARN_INT_CONVERSION = YES;
				CLANG_WARN_NON_LITERAL_NULL_CONVERSION = YES;
				CLANG_WARN_OBJC_IMPLICIT_RETAIN_SELF = YES;
				CLANG_WARN_OBJC_LITERAL_CONVERSION = YES;
				CLANG_WARN_OBJC_ROOT_CLASS = YES_ERROR;
				CLANG_WARN_RANGE_LOOP_ANALYSIS = YES;
				CLANG_WARN_STRICT_PROTOTYPES = YES;
				CLANG_WARN_SUSPICIOUS_MOVE = YES;
				CLANG_WARN_UNGUARDED_AVAILABILITY = YES_AGGRESSIVE;
				CLANG_WARN_UNREACHABLE_CODE = YES;
				CLANG_WARN__DUPLICATE_METHOD_MATCH = YES;
				CODE_SIGN_IDENTITY = "iPhone Developer";
				COPY_PHASE_STRIP = NO;
				DEBUG_INFORMATION_FORMAT = "dwarf-with-dsym";
				ENABLE_NS_ASSERTIONS = NO;
				ENABLE_STRICT_OBJC_MSGSEND = YES;
				GCC_C_LANGUAGE_STANDARD = gnu11;
				GCC_NO_COMMON_BLOCKS = YES;
				GCC_WARN_64_TO_32_BIT_CONVERSION = YES;
				GCC_WARN_ABOUT_RETURN_TYPE = YES_ERROR;
				GCC_WARN_UNDECLARED_SELECTOR = YES;
				GCC_WARN_UNINITIALIZED_AUTOS = YES_AGGRESSIVE;
				GCC_WARN_UNUSED_FUNCTION = YES;
				GCC_WARN_UNUSED_VARIABLE = YES;
				IPHONEOS_DEPLOYMENT_TARGET = 12.0;
				MTL_ENABLE_DEBUG_INFO = NO;
				MTL_FAST_MATH = YES;
				SDKROOT = iphoneos;
				SWIFT_COMPILATION_MODE = wholemodule;
				SWIFT_OPTIMIZATION_LEVEL = "-O";
				VALIDATE_PRODUCT = YES;
			};
			name = Release;
		};
		3646B65C21627B2400C3DD0F /* Debug */ = {
			isa = XCBuildConfiguration;
			buildSettings = {
				ASSETCATALOG_COMPILER_APPICON_NAME = AppIcon;
				CODE_SIGN_STYLE = Automatic;
				DEVELOPMENT_TEAM = 648T8LEK52;
				INFOPLIST_FILE = testfilms/Info.plist;
				LD_RUNPATH_SEARCH_PATHS = (
					"$(inherited)",
					"@executable_path/Frameworks",
				);
				PRODUCT_BUNDLE_IDENTIFIER = kg.mirsoftllc.testfilms;
				PRODUCT_NAME = "$(TARGET_NAME)";
				SWIFT_VERSION = 4.2;
				TARGETED_DEVICE_FAMILY = "1,2";
			};
			name = Debug;
		};
		3646B65D21627B2400C3DD0F /* Release */ = {
			isa = XCBuildConfiguration;
			buildSettings = {
				ASSETCATALOG_COMPILER_APPICON_NAME = AppIcon;
				CODE_SIGN_STYLE = Automatic;
				DEVELOPMENT_TEAM = 648T8LEK52;
				INFOPLIST_FILE = testfilms/Info.plist;
				LD_RUNPATH_SEARCH_PATHS = (
					"$(inherited)",
					"@executable_path/Frameworks",
				);
				PRODUCT_BUNDLE_IDENTIFIER = kg.mirsoftllc.testfilms;
				PRODUCT_NAME = "$(TARGET_NAME)";
				SWIFT_VERSION = 4.2;
				TARGETED_DEVICE_FAMILY = "1,2";
			};
			name = Release;
		};
/* End XCBuildConfiguration section */

/* Begin XCConfigurationList section */
		3646B64121627B2300C3DD0F /* Build configuration list for PBXProject "testfilms" */ = {
			isa = XCConfigurationList;
			buildConfigurations = (
				3646B65921627B2400C3DD0F /* Debug */,
				3646B65A21627B2400C3DD0F /* Release */,
			);
			defaultConfigurationIsVisible = 0;
			defaultConfigurationName = Release;
		};
		3646B65B21627B2400C3DD0F /* Build configuration list for PBXNativeTarget "testfilms" */ = {
			isa = XCConfigurationList;
			buildConfigurations = (
				3646B65C21627B2400C3DD0F /* Debug */,
				3646B65D21627B2400C3DD0F /* Release */,
			);
			defaultConfigurationIsVisible = 0;
			defaultConfigurationName = Release;
		};
/* End XCConfigurationList section */

/* Begin XCVersionGroup section */
		3646B65021627B2300C3DD0F /* testfilms.xcdatamodeld */ = {
			isa = XCVersionGroup;
			children = (
				3646B65121627B2300C3DD0F /* testfilms.xcdatamodel */,
			);
			currentVersion = 3646B65121627B2300C3DD0F /* testfilms.xcdatamodel */;
			path = testfilms.xcdatamodeld;
			sourceTree = "<group>";
			versionGroupType = wrapper.xcdatamodel;
		};
/* End XCVersionGroup section */
	};
	rootObject = 3646B63E21627B2300C3DD0F /* Project object */;
}
